{
  "name": "jsonata-fn-js",
  "version": "1.0.0",
  "lockfileVersion": 1,
  "requires": true,
  "dependencies": {
    "jsonata": {
      "version": "1.8.5",
      "resolved": "https://registry.npmjs.org/jsonata/-/jsonata-1.8.5.tgz",
      "integrity": "sha512-ilDyTBkg6qhNoNVr8PUPzz5GYvRK+REKOM5MdOGzH2y6V4yvPRMegSvbZLpbTtI0QAgz09QM7drDhSHUlwp9pA=="
    }
  }
}
